// !$*UTF8*$!
{
	archiveVersion = 1;
	classes = {
	};
	objectVersion = 50;
	objects = {

/* Begin PBXBuildFile section */
		AFBB32E622DE3A4F00EA7BCD /* AppDelegate.swift in Sources */ = {isa = PBXBuildFile; fileRef = AFBB32E522DE3A4F00EA7BCD /* AppDelegate.swift */; };
		AFBB32E822DE3A4F00EA7BCD /* PeekViewController.swift in Sources */ = {isa = PBXBuildFile; fileRef = AFBB32E722DE3A4F00EA7BCD /* PeekViewController.swift */; };
		AFBB32EB22DE3A4F00EA7BCD /* Main.storyboard in Resources */ = {isa = PBXBuildFile; fileRef = AFBB32E922DE3A4F00EA7BCD /* Main.storyboard */; };
		AFBB32ED22DE3A5100EA7BCD /* Assets.xcassets in Resources */ = {isa = PBXBuildFile; fileRef = AFBB32EC22DE3A5100EA7BCD /* Assets.xcassets */; };
		AFBB32F022DE3A5100EA7BCD /* LaunchScreen.storyboard in Resources */ = {isa = PBXBuildFile; fileRef = AFBB32EE22DE3A5100EA7BCD /* LaunchScreen.storyboard */; };
		AFBB32F922DF22EB00EA7BCD /* PeekCollectionViewCell.swift in Sources */ = {isa = PBXBuildFile; fileRef = AFBB32F722DF22EB00EA7BCD /* PeekCollectionViewCell.swift */; };
/* End PBXBuildFile section */

/* Begin PBXFileReference section */
		AFBB32E222DE3A4F00EA7BCD /* PeekCollectionView.app */ = {isa = PBXFileReference; explicitFileType = wrapper.application; includeInIndex = 0; path = PeekCollectionView.app; sourceTree = BUILT_PRODUCTS_DIR; };
		AFBB32E522DE3A4F00EA7BCD /* AppDelegate.swift */ = {isa = PBXFileReference; lastKnownFileType = sourcecode.swift; path = AppDelegate.swift; sourceTree = "<group>"; };
		AFBB32E722DE3A4F00EA7BCD /* PeekViewController.swift */ = {isa = PBXFileReference; lastKnownFileType = sourcecode.swift; path = PeekViewController.swift; sourceTree = "<group>"; };
		AFBB32EA22DE3A4F00EA7BCD /* Base */ = {isa = PBXFileReference; lastKnownFileType = file.storyboard; name = Base; path = Base.lproj/Main.storyboard; sourceTree = "<group>"; };
		AFBB32EC22DE3A5100EA7BCD /* Assets.xcassets */ = {isa = PBXFileReference; lastKnownFileType = folder.assetcatalog; path = Assets.xcassets; sourceTree = "<group>"; };
		AFBB32EF22DE3A5100EA7BCD /* Base */ = {isa = PBXFileReference; lastKnownFileType = file.storyboard; name = Base; path = Base.lproj/LaunchScreen.storyboard; sourceTree = "<group>"; };
		AFBB32F122DE3A5100EA7BCD /* Info.plist */ = {isa = PBXFileReference; lastKnownFileType = text.plist.xml; path = Info.plist; sourceTree = "<group>"; };
		AFBB32F722DF22EB00EA7BCD /* PeekCollectionViewCell.swift */ = {isa = PBXFileReference; lastKnownFileType = sourcecode.swift; path = PeekCollectionViewCell.swift; sourceTree = "<group>"; };
/* End PBXFileReference section */

/* Begin PBXFrameworksBuildPhase section */
		AFBB32DF22DE3A4F00EA7BCD /* Frameworks */ = {
			isa = PBXFrameworksBuildPhase;
			buildActionMask = 2147483647;
			files = (
			);
			runOnlyForDeploymentPostprocessing = 0;
		};
/* End PBXFrameworksBuildPhase section */

/* Begin PBXGroup section */
		AFBB32D922DE3A4F00EA7BCD = {
			isa = PBXGroup;
			children = (
				AFBB32E422DE3A4F00EA7BCD /* PeekCollectionView */,
				AFBB32E322DE3A4F00EA7BCD /* Products */,
			);
			sourceTree = "<group>";
		};
		AFBB32E322DE3A4F00EA7BCD /* Products */ = {
			isa = PBXGroup;
			children = (
				AFBB32E222DE3A4F00EA7BCD /* PeekCollectionView.app */,
			);
			name = Products;
			sourceTree = "<group>";
		};
		AFBB32E422DE3A4F00EA7BCD /* PeekCollectionView */ = {
			isa = PBXGroup;
			children = (
				AFBB32E522DE3A4F00EA7BCD /* AppDelegate.swift */,
				AFBB32F722DF22EB00EA7BCD /* PeekCollectionViewCell.swift */,
				AFBB32E722DE3A4F00EA7BCD /* PeekViewController.swift */,
				AFBB32E922DE3A4F00EA7BCD /* Main.storyboard */,
				AFBB32EC22DE3A5100EA7BCD /* Assets.xcassets */,
				AFBB32EE22DE3A5100EA7BCD /* LaunchScreen.storyboard */,
				AFBB32F122DE3A5100EA7BCD /* Info.plist */,
			);
			path = PeekCollectionView;
			sourceTree = "<group>";
		};
/* End PBXGroup section */

/* Begin PBXNativeTarget section */
		AFBB32E122DE3A4F00EA7BCD /* PeekCollectionView */ = {
			isa = PBXNativeTarget;
			buildConfigurationList = AFBB32F422DE3A5100EA7BCD /* Build configuration list for PBXNativeTarget "PeekCollectionView" */;
			buildPhases = (
				AFBB32DE22DE3A4F00EA7BCD /* Sources */,
				AFBB32DF22DE3A4F00EA7BCD /* Frameworks */,
				AFBB32E022DE3A4F00EA7BCD /* Resources */,
			);
			buildRules = (
			);
			dependencies = (
			);
			name = PeekCollectionView;
			productName = PeekCollectionView;
			productReference = AFBB32E222DE3A4F00EA7BCD /* PeekCollectionView.app */;
			productType = "com.apple.product-type.application";
		};
/* End PBXNativeTarget section */

/* Begin PBXProject section */
		AFBB32DA22DE3A4F00EA7BCD /* Project object */ = {
			isa = PBXProject;
			attributes = {
				LastSwiftUpdateCheck = 1020;
				LastUpgradeCheck = 1020;
				ORGANIZATIONNAME = "Abdelrahman Mohamed";
				TargetAttributes = {
					AFBB32E122DE3A4F00EA7BCD = {
						CreatedOnToolsVersion = 10.2.1;
					};
				};
			};
			buildConfigurationList = AFBB32DD22DE3A4F00EA7BCD /* Build configuration list for PBXProject "PeekCollectionView" */;
			compatibilityVersion = "Xcode 9.3";
			developmentRegion = en;
			hasScannedForEncodings = 0;
			knownRegions = (
				en,
				Base,
			);
			mainGroup = AFBB32D922DE3A4F00EA7BCD;
			productRefGroup = AFBB32E322DE3A4F00EA7BCD /* Products */;
			projectDirPath = "";
			projectRoot = "";
			targets = (
				AFBB32E122DE3A4F00EA7BCD /* PeekCollectionView */,
			);
		};
/* End PBXProject section */

/* Begin PBXResourcesBuildPhase section */
		AFBB32E022DE3A4F00EA7BCD /* Resources */ = {
			isa = PBXResourcesBuildPhase;
			buildActionMask = 2147483647;
			files = (
				AFBB32F022DE3A5100EA7BCD /* LaunchScreen.storyboard in Resources */,
				AFBB32ED22DE3A5100EA7BCD /* Assets.xcassets in Resources */,
				AFBB32EB22DE3A4F00EA7BCD /* Main.storyboard in Resources */,
			);
			runOnlyForDeploymentPostprocessing = 0;
		};
/* End PBXResourcesBuildPhase section */

/* Begin PBXSourcesBuildPhase section */
		AFBB32DE22DE3A4F00EA7BCD /* Sources */ = {
			isa = PBXSourcesBuildPhase;
			buildActionMask = 2147483647;
			files = (
				AFBB32E822DE3A4F00EA7BCD /* PeekViewController.swift in Sources */,
				AFBB32E622DE3A4F00EA7BCD /* AppDelegate.swift in Sources */,
				AFBB32F922DF22EB00EA7BCD /* PeekCollectionViewCell.swift in Sources */,
			);
			runOnlyForDeploymentPostprocessing = 0;
		};
/* End PBXSourcesBuildPhase section */

/* Begin PBXVariantGroup section */
		AFBB32E922DE3A4F00EA7BCD /* Main.storyboard */ = {
			isa = PBXVariantGroup;
			children = (
				AFBB32EA22DE3A4F00EA7BCD /* Base */,
			);
			name = Main.storyboard;
			sourceTree = "<group>";
		};
		AFBB32EE22DE3A5100EA7BCD /* LaunchScreen.storyboard */ = {
			isa = PBXVariantGroup;
			children = (
				AFBB32EF22DE3A5100EA7BCD /* Base */,
			);
			name = LaunchScreen.storyboard;
			sourceTree = "<group>";
		};
/* End PBXVariantGroup section */

/* Begin XCBuildConfiguration section */
		AFBB32F222DE3A5100EA7BCD /* Debug */ = {
			isa = XCBuildConfiguration;
			buildSettings = {
				ALWAYS_SEARCH_USER_PATHS = NO;
				CLANG_ANALYZER_NONNULL = YES;
				CLANG_ANALYZER_NUMBER_OBJECT_CONVERSION = YES_AGGRESSIVE;
				CLANG_CXX_LANGUAGE_STANDARD = "gnu++14";
				CLANG_CXX_LIBRARY = "libc++";
				CLANG_ENABLE_MODULES = YES;
				CLANG_ENABLE_OBJC_ARC = YES;
				CLANG_ENABLE_OBJC_WEAK = YES;
				CLANG_WARN_BLOCK_CAPTURE_AUTORELEASING = YES;
				CLANG_WARN_BOOL_CONVERSION = YES;
				CLANG_WARN_COMMA = YES;
				CLANG_WARN_CONSTANT_CONVERSION = YES;
				CLANG_WARN_DEPRECATED_OBJC_IMPLEMENTATIONS = YES;
				CLANG_WARN_DIRECT_OBJC_ISA_USAGE = YES_ERROR;
				CLANG_WARN_DOCUMENTATION_COMMENTS = YES;
				CLANG_WARN_EMPTY_BODY = YES;
				CLANG_WARN_ENUM_CONVERSION = YES;
				CLANG_WARN_INFINITE_RECURSION = YES;
				CLANG_WARN_INT_CONVERSION = YES;
				CLANG_WARN_NON_LITERAL_NULL_CONVERSION = YES;
				CLANG_WARN_OBJC_IMPLICIT_RETAIN_SELF = YES;
				CLANG_WARN_OBJC_LITERAL_CONVERSION = YES;
				CLANG_WARN_OBJC_ROOT_CLASS = YES_ERROR;
				CLANG_WARN_RANGE_LOOP_ANALYSIS = YES;
				CLANG_WARN_STRICT_PROTOTYPES = YES;
				CLANG_WARN_SUSPICIOUS_MOVE = YES;
				CLANG_WARN_UNGUARDED_AVAILABILITY = YES_AGGRESSIVE;
				CLANG_WARN_UNREACHABLE_CODE = YES;
				CLANG_WARN__DUPLICATE_METHOD_MATCH = YES;
				CODE_SIGN_IDENTITY = "iPhone Developer";
				COPY_PHASE_STRIP = NO;
				DEBUG_INFORMATION_FORMAT = dwarf;
				ENABLE_STRICT_OBJC_MSGSEND = YES;
				ENABLE_TESTABILITY = YES;
				GCC_C_LANGUAGE_STANDARD = gnu11;
				GCC_DYNAMIC_NO_PIC = NO;
				GCC_NO_COMMON_BLOCKS = YES;
				GCC_OPTIMIZATION_LEVEL = 0;
				GCC_PREPROCESSOR_DEFINITIONS = (
					"DEBUG=1",
					"$(inherited)",
				);
				GCC_WARN_64_TO_32_BIT_CONVERSION = YES;
				GCC_WARN_ABOUT_RETURN_TYPE = YES_ERROR;
				GCC_WARN_UNDECLARED_SELECTOR = YES;
				GCC_WARN_UNINITIALIZED_AUTOS = YES_AGGRESSIVE;
				GCC_WARN_UNUSED_FUNCTION = YES;
				GCC_WARN_UNUSED_VARIABLE = YES;
				IPHONEOS_DEPLOYMENT_TARGET = 12.2;
				MTL_ENABLE_DEBUG_INFO = INCLUDE_SOURCE;
				MTL_FAST_MATH = YES;
				ONLY_ACTIVE_ARCH = YES;
				SDKROOT = iphoneos;
				SWIFT_ACTIVE_COMPILATION_CONDITIONS = DEBUG;
				SWIFT_OPTIMIZATION_LEVEL = "-Onone";
			};
			name = Debug;
		};
		AFBB32F322DE3A5100EA7BCD /* Release */ = {
			isa = XCBuildConfiguration;
			buildSettings = {
				ALWAYS_SEARCH_USER_PATHS = NO;
				CLANG_ANALYZER_NONNULL = YES;
				CLANG_ANALYZER_NUMBER_OBJECT_CONVERSION = YES_AGGRESSIVE;
				CLANG_CXX_LANGUAGE_STANDARD = "gnu++14";
				CLANG_CXX_LIBRARY = "libc++";
				CLANG_ENABLE_MODULES = YES;
				CLANG_ENABLE_OBJC_ARC = YES;
				CLANG_ENABLE_OBJC_WEAK = YES;
				CLANG_WARN_BLOCK_CAPTURE_AUTORELEASING = YES;
				CLANG_WARN_BOOL_CONVERSION = YES;
				CLANG_WARN_COMMA = YES;
				CLANG_WARN_CONSTANT_CONVERSION = YES;
				CLANG_WARN_DEPRECATED_OBJC_IMPLEMENTATIONS = YES;
				CLANG_WARN_DIRECT_OBJC_ISA_USAGE = YES_ERROR;
				CLANG_WARN_DOCUMENTATION_COMMENTS = YES;
				CLANG_WARN_EMPTY_BODY = YES;
				CLANG_WARN_ENUM_CONVERSION = YES;
				CLANG_WARN_INFINITE_RECURSION = YES;
				CLANG_WARN_INT_CONVERSION = YES;
				CLANG_WARN_NON_LITERAL_NULL_CONVERSION = YES;
				CLANG_WARN_OBJC_IMPLICIT_RETAIN_SELF = YES;
				CLANG_WARN_OBJC_LITERAL_CONVERSION = YES;
				CLANG_WARN_OBJC_ROOT_CLASS = YES_ERROR;
				CLANG_WARN_RANGE_LOOP_ANALYSIS = YES;
				CLANG_WARN_STRICT_PROTOTYPES = YES;
				CLANG_WARN_SUSPICIOUS_MOVE = YES;
				CLANG_WARN_UNGUARDED_AVAILABILITY = YES_AGGRESSIVE;
				CLANG_WARN_UNREACHABLE_CODE = YES;
				CLANG_WARN__DUPLICATE_METHOD_MATCH = YES;
				CODE_SIGN_IDENTITY = "iPhone Developer";
				COPY_PHASE_STRIP = NO;
				DEBUG_INFORMATION_FORMAT = "dwarf-with-dsym";
				ENABLE_NS_ASSERTIONS = NO;
				ENABLE_STRICT_OBJC_MSGSEND = YES;
				GCC_C_LANGUAGE_STANDARD = gnu11;
				GCC_NO_COMMON_BLOCKS = YES;
				GCC_WARN_64_TO_32_BIT_CONVERSION = YES;
				GCC_WARN_ABOUT_RETURN_TYPE = YES_ERROR;
				GCC_WARN_UNDECLARED_SELECTOR = YES;
				GCC_WARN_UNINITIALIZED_AUTOS = YES_AGGRESSIVE;
				GCC_WARN_UNUSED_FUNCTION = YES;
				GCC_WARN_UNUSED_VARIABLE = YES;
				IPHONEOS_DEPLOYMENT_TARGET = 12.2;
				MTL_ENABLE_DEBUG_INFO = NO;
				MTL_FAST_MATH = YES;
				SDKROOT = iphoneos;
				SWIFT_COMPILATION_MODE = wholemodule;
				SWIFT_OPTIMIZATION_LEVEL = "-O";
				VALIDATE_PRODUCT = YES;
			};
			name = Release;
		};
		AFBB32F522DE3A5100EA7BCD /* Debug */ = {
			isa = XCBuildConfiguration;
			buildSettings = {
				ASSETCATALOG_COMPILER_APPICON_NAME = AppIcon;
				CODE_SIGN_STYLE = Automatic;
				DEVELOPMENT_TEAM = KM569NM77P;
				INFOPLIST_FILE = PeekCollectionView/Info.plist;
				LD_RUNPATH_SEARCH_PATHS = (
					"$(inherited)",
					"@executable_path/Frameworks",
				);
				PRODUCT_BUNDLE_IDENTIFIER = com.vngrs.PeekCollectionView;
				PRODUCT_NAME = "$(TARGET_NAME)";
				SWIFT_VERSION = 5.0;
				TARGETED_DEVICE_FAMILY = "1,2";
			};
			name = Debug;
		};
		AFBB32F622DE3A5100EA7BCD /* Release */ = {
			isa = XCBuildConfiguration;
			buildSettings = {
				ASSETCATALOG_COMPILER_APPICON_NAME = AppIcon;
				CODE_SIGN_STYLE = Automatic;
				DEVELOPMENT_TEAM = KM569NM77P;
				INFOPLIST_FILE = PeekCollectionView/Info.plist;
				LD_RUNPATH_SEARCH_PATHS = (
					"$(inherited)",
					"@executable_path/Frameworks",
				);
				PRODUCT_BUNDLE_IDENTIFIER = com.vngrs.PeekCollectionView;
				PRODUCT_NAME = "$(TARGET_NAME)";
				SWIFT_VERSION = 5.0;
				TARGETED_DEVICE_FAMILY = "1,2";
			};
			name = Release;
		};
/* End XCBuildConfiguration section */

/* Begin XCConfigurationList section */
		AFBB32DD22DE3A4F00EA7BCD /* Build configuration list for PBXProject "PeekCollectionView" */ = {
			isa = XCConfigurationList;
			buildConfigurations = (
				AFBB32F222DE3A5100EA7BCD /* Debug */,
				AFBB32F322DE3A5100EA7BCD /* Release */,
			);
			defaultConfigurationIsVisible = 0;
			defaultConfigurationName = Release;
		};
		AFBB32F422DE3A5100EA7BCD /* Build configuration list for PBXNativeTarget "PeekCollectionView" */ = {
			isa = XCConfigurationList;
			buildConfigurations = (
				AFBB32F522DE3A5100EA7BCD /* Debug */,
				AFBB32F622DE3A5100EA7BCD /* Release */,
			);
			defaultConfigurationIsVisible = 0;
			defaultConfigurationName = Release;
		};
/* End XCConfigurationList section */
	};
	rootObject = AFBB32DA22DE3A4F00EA7BCD /* Project object */;
}
